id: adam-warlock
universe: earth-616
franchise: guardians
realName: Adam Warlock
alignment: antihero
sigil: null

actors:
  - name: Will Poulter

firstAppearance: guardians-of-the-galaxy-vol-3

appearsIn:
  - guardians-of-the-galaxy-vol-3

sources:
  - url: "https://en.wikipedia.org/wiki/Characters_of_the_Marvel_Cinematic_Universe:_M%E2%80%93Z#Adam_Warlock"
    title: "Characters of the Marvel Cinematic Universe: M-Z, Wikipedia"
    accessed: 2026-09-10
verified: 2026-09-10
